// !$*UTF8*$!
{
	archiveVersion = 1;
	classes = {
	};
	objectVersion = 48;
	objects = {

/* Begin PBXBuildFile section */
		18F18C37211ABF64006AF4C1 /* AppDelegate.swift in Sources */ = {isa = PBXBuildFile; fileRef = 18F18C36211ABF64006AF4C1 /* AppDelegate.swift */; };
		18F18C39211ABF64006AF4C1 /* ViewController.swift in Sources */ = {isa = PBXBuildFile; fileRef = 18F18C38211ABF64006AF4C1 /* ViewController.swift */; };
		18F18C3C211ABF64006AF4C1 /* Main.storyboard in Resources */ = {isa = PBXBuildFile; fileRef = 18F18C3A211ABF64006AF4C1 /* Main.storyboard */; };
		18F18C3F211ABF64006AF4C1 /* Docxone.xcdatamodeld in Sources */ = {isa = PBXBuildFile; fileRef = 18F18C3D211ABF64006AF4C1 /* Docxone.xcdatamodeld */; };
		18F18C41211ABF64006AF4C1 /* Assets.xcassets in Resources */ = {isa = PBXBuildFile; fileRef = 18F18C40211ABF64006AF4C1 /* Assets.xcassets */; };
		18F18C44211ABF64006AF4C1 /* LaunchScreen.storyboard in Resources */ = {isa = PBXBuildFile; fileRef = 18F18C42211ABF64006AF4C1 /* LaunchScreen.storyboard */; };
		18F18C4F211ABF64006AF4C1 /* DocxoneTests.swift in Sources */ = {isa = PBXBuildFile; fileRef = 18F18C4E211ABF64006AF4C1 /* DocxoneTests.swift */; };
		18F18C5A211ABF64006AF4C1 /* DocxoneUITests.swift in Sources */ = {isa = PBXBuildFile; fileRef = 18F18C59211ABF64006AF4C1 /* DocxoneUITests.swift */; };
/* End PBXBuildFile section */

/* Begin PBXContainerItemProxy section */
		18F18C4B211ABF64006AF4C1 /* PBXContainerItemProxy */ = {
			isa = PBXContainerItemProxy;
			containerPortal = 18F18C2B211ABF63006AF4C1 /* Project object */;
			proxyType = 1;
			remoteGlobalIDString = 18F18C32211ABF63006AF4C1;
			remoteInfo = Docxone;
		};
		18F18C56211ABF64006AF4C1 /* PBXContainerItemProxy */ = {
			isa = PBXContainerItemProxy;
			containerPortal = 18F18C2B211ABF63006AF4C1 /* Project object */;
			proxyType = 1;
			remoteGlobalIDString = 18F18C32211ABF63006AF4C1;
			remoteInfo = Docxone;
		};
/* End PBXContainerItemProxy section */

/* Begin PBXFileReference section */
		18F18C33211ABF64006AF4C1 /* Docxone.app */ = {isa = PBXFileReference; explicitFileType = wrapper.application; includeInIndex = 0; path = Docxone.app; sourceTree = BUILT_PRODUCTS_DIR; };
		18F18C36211ABF64006AF4C1 /* AppDelegate.swift */ = {isa = PBXFileReference; lastKnownFileType = sourcecode.swift; path = AppDelegate.swift; sourceTree = "<group>"; };
		18F18C38211ABF64006AF4C1 /* ViewController.swift */ = {isa = PBXFileReference; lastKnownFileType = sourcecode.swift; path = ViewController.swift; sourceTree = "<group>"; };
		18F18C3B211ABF64006AF4C1 /* Base */ = {isa = PBXFileReference; lastKnownFileType = file.storyboard; name = Base; path = Base.lproj/Main.storyboard; sourceTree = "<group>"; };
		18F18C3E211ABF64006AF4C1 /* Docxone.xcdatamodel */ = {isa = PBXFileReference; lastKnownFileType = wrapper.xcdatamodel; path = Docxone.xcdatamodel; sourceTree = "<group>"; };
		18F18C40211ABF64006AF4C1 /* Assets.xcassets */ = {isa = PBXFileReference; lastKnownFileType = folder.assetcatalog; path = Assets.xcassets; sourceTree = "<group>"; };
		18F18C43211ABF64006AF4C1 /* Base */ = {isa = PBXFileReference; lastKnownFileType = file.storyboard; name = Base; path = Base.lproj/LaunchScreen.storyboard; sourceTree = "<group>"; };
		18F18C45211ABF64006AF4C1 /* Info.plist */ = {isa = PBXFileReference; lastKnownFileType = text.plist.xml; path = Info.plist; sourceTree = "<group>"; };
		18F18C4A211ABF64006AF4C1 /* DocxoneTests.xctest */ = {isa = PBXFileReference; explicitFileType = wrapper.cfbundle; includeInIndex = 0; path = DocxoneTests.xctest; sourceTree = BUILT_PRODUCTS_DIR; };
		18F18C4E211ABF64006AF4C1 /* DocxoneTests.swift */ = {isa = PBXFileReference; lastKnownFileType = sourcecode.swift; path = DocxoneTests.swift; sourceTree = "<group>"; };
		18F18C50211ABF64006AF4C1 /* Info.plist */ = {isa = PBXFileReference; lastKnownFileType = text.plist.xml; path = Info.plist; sourceTree = "<group>"; };
		18F18C55211ABF64006AF4C1 /* DocxoneUITests.xctest */ = {isa = PBXFileReference; explicitFileType = wrapper.cfbundle; includeInIndex = 0; path = DocxoneUITests.xctest; sourceTree = BUILT_PRODUCTS_DIR; };
		18F18C59211ABF64006AF4C1 /* DocxoneUITests.swift */ = {isa = PBXFileReference; lastKnownFileType = sourcecode.swift; path = DocxoneUITests.swift; sourceTree = "<group>"; };
		18F18C5B211ABF64006AF4C1 /* Info.plist */ = {isa = PBXFileReference; lastKnownFileType = text.plist.xml; path = Info.plist; sourceTree = "<group>"; };
/* End PBXFileReference section */

/* Begin PBXFrameworksBuildPhase section */
		18F18C30211ABF63006AF4C1 /* Frameworks */ = {
			isa = PBXFrameworksBuildPhase;
			buildActionMask = 2147483647;
			files = (
			);
			runOnlyForDeploymentPostprocessing = 0;
		};
		18F18C47211ABF64006AF4C1 /* Frameworks */ = {
			isa = PBXFrameworksBuildPhase;
			buildActionMask = 2147483647;
			files = (
			);
			runOnlyForDeploymentPostprocessing = 0;
		};
		18F18C52211ABF64006AF4C1 /* Frameworks */ = {
			isa = PBXFrameworksBuildPhase;
			buildActionMask = 2147483647;
			files = (
			);
			runOnlyForDeploymentPostprocessing = 0;
		};
/* End PBXFrameworksBuildPhase section */

/* Begin PBXGroup section */
		18F18C2A211ABF63006AF4C1 = {
			isa = PBXGroup;
			children = (
				18F18C35211ABF64006AF4C1 /* Docxone */,
				18F18C4D211ABF64006AF4C1 /* DocxoneTests */,
				18F18C58211ABF64006AF4C1 /* DocxoneUITests */,
				18F18C34211ABF64006AF4C1 /* Products */,
			);
			sourceTree = "<group>";
		};
		18F18C34211ABF64006AF4C1 /* Products */ = {
			isa = PBXGroup;
			children = (
				18F18C33211ABF64006AF4C1 /* Docxone.app */,
				18F18C4A211ABF64006AF4C1 /* DocxoneTests.xctest */,
				18F18C55211ABF64006AF4C1 /* DocxoneUITests.xctest */,
			);
			name = Products;
			sourceTree = "<group>";
		};
		18F18C35211ABF64006AF4C1 /* Docxone */ = {
			isa = PBXGroup;
			children = (
				18F18C36211ABF64006AF4C1 /* AppDelegate.swift */,
				18F18C38211ABF64006AF4C1 /* ViewController.swift */,
				18F18C3A211ABF64006AF4C1 /* Main.storyboard */,
				18F18C40211ABF64006AF4C1 /* Assets.xcassets */,
				18F18C42211ABF64006AF4C1 /* LaunchScreen.storyboard */,
				18F18C45211ABF64006AF4C1 /* Info.plist */,
				18F18C3D211ABF64006AF4C1 /* Docxone.xcdatamodeld */,
			);
			path = Docxone;
			sourceTree = "<group>";
		};
		18F18C4D211ABF64006AF4C1 /* DocxoneTests */ = {
			isa = PBXGroup;
			children = (
				18F18C4E211ABF64006AF4C1 /* DocxoneTests.swift */,
				18F18C50211ABF64006AF4C1 /* Info.plist */,
			);
			path = DocxoneTests;
			sourceTree = "<group>";
		};
		18F18C58211ABF64006AF4C1 /* DocxoneUITests */ = {
			isa = PBXGroup;
			children = (
				18F18C59211ABF64006AF4C1 /* DocxoneUITests.swift */,
				18F18C5B211ABF64006AF4C1 /* Info.plist */,
			);
			path = DocxoneUITests;
			sourceTree = "<group>";
		};
/* End PBXGroup section */

/* Begin PBXNativeTarget section */
		18F18C32211ABF63006AF4C1 /* Docxone */ = {
			isa = PBXNativeTarget;
			buildConfigurationList = 18F18C5E211ABF64006AF4C1 /* Build configuration list for PBXNativeTarget "Docxone" */;
			buildPhases = (
				18F18C2F211ABF63006AF4C1 /* Sources */,
				18F18C30211ABF63006AF4C1 /* Frameworks */,
				18F18C31211ABF63006AF4C1 /* Resources */,
			);
			buildRules = (
			);
			dependencies = (
			);
			name = Docxone;
			productName = Docxone;
			productReference = 18F18C33211ABF64006AF4C1 /* Docxone.app */;
			productType = "com.apple.product-type.application";
		};
		18F18C49211ABF64006AF4C1 /* DocxoneTests */ = {
			isa = PBXNativeTarget;
			buildConfigurationList = 18F18C61211ABF64006AF4C1 /* Build configuration list for PBXNativeTarget "DocxoneTests" */;
			buildPhases = (
				18F18C46211ABF64006AF4C1 /* Sources */,
				18F18C47211ABF64006AF4C1 /* Frameworks */,
				18F18C48211ABF64006AF4C1 /* Resources */,
			);
			buildRules = (
			);
			dependencies = (
				18F18C4C211ABF64006AF4C1 /* PBXTargetDependency */,
			);
			name = DocxoneTests;
			productName = DocxoneTests;
			productReference = 18F18C4A211ABF64006AF4C1 /* DocxoneTests.xctest */;
			productType = "com.apple.product-type.bundle.unit-test";
		};
		18F18C54211ABF64006AF4C1 /* DocxoneUITests */ = {
			isa = PBXNativeTarget;
			buildConfigurationList = 18F18C64211ABF64006AF4C1 /* Build configuration list for PBXNativeTarget "DocxoneUITests" */;
			buildPhases = (
				18F18C51211ABF64006AF4C1 /* Sources */,
				18F18C52211ABF64006AF4C1 /* Frameworks */,
				18F18C53211ABF64006AF4C1 /* Resources */,
			);
			buildRules = (
			);
			dependencies = (
				18F18C57211ABF64006AF4C1 /* PBXTargetDependency */,
			);
			name = DocxoneUITests;
			productName = DocxoneUITests;
			productReference = 18F18C55211ABF64006AF4C1 /* DocxoneUITests.xctest */;
			productType = "com.apple.product-type.bundle.ui-testing";
		};
/* End PBXNativeTarget section */

/* Begin PBXProject section */
		18F18C2B211ABF63006AF4C1 /* Project object */ = {
			isa = PBXProject;
			attributes = {
				LastSwiftUpdateCheck = 0920;
				LastUpgradeCheck = 0920;
				ORGANIZATIONNAME = Apple;
				TargetAttributes = {
					18F18C32211ABF63006AF4C1 = {
						CreatedOnToolsVersion = 9.2;
						ProvisioningStyle = Automatic;
					};
					18F18C49211ABF64006AF4C1 = {
						CreatedOnToolsVersion = 9.2;
						ProvisioningStyle = Automatic;
						TestTargetID = 18F18C32211ABF63006AF4C1;
					};
					18F18C54211ABF64006AF4C1 = {
						CreatedOnToolsVersion = 9.2;
						ProvisioningStyle = Automatic;
						TestTargetID = 18F18C32211ABF63006AF4C1;
					};
				};
			};
			buildConfigurationList = 18F18C2E211ABF63006AF4C1 /* Build configuration list for PBXProject "Docxone" */;
			compatibilityVersion = "Xcode 8.0";
			developmentRegion = en;
			hasScannedForEncodings = 0;
			knownRegions = (
				en,
				Base,
			);
			mainGroup = 18F18C2A211ABF63006AF4C1;
			productRefGroup = 18F18C34211ABF64006AF4C1 /* Products */;
			projectDirPath = "";
			projectRoot = "";
			targets = (
				18F18C32211ABF63006AF4C1 /* Docxone */,
				18F18C49211ABF64006AF4C1 /* DocxoneTests */,
				18F18C54211ABF64006AF4C1 /* DocxoneUITests */,
			);
		};
/* End PBXProject section */

/* Begin PBXResourcesBuildPhase section */
		18F18C31211ABF63006AF4C1 /* Resources */ = {
			isa = PBXResourcesBuildPhase;
			buildActionMask = 2147483647;
			files = (
				18F18C44211ABF64006AF4C1 /* LaunchScreen.storyboard in Resources */,
				18F18C41211ABF64006AF4C1 /* Assets.xcassets in Resources */,
				18F18C3C211ABF64006AF4C1 /* Main.storyboard in Resources */,
			);
			runOnlyForDeploymentPostprocessing = 0;
		};
		18F18C48211ABF64006AF4C1 /* Resources */ = {
			isa = PBXResourcesBuildPhase;
			buildActionMask = 2147483647;
			files = (
			);
			runOnlyForDeploymentPostprocessing = 0;
		};
		18F18C53211ABF64006AF4C1 /* Resources */ = {
			isa = PBXResourcesBuildPhase;
			buildActionMask = 2147483647;
			files = (
			);
			runOnlyForDeploymentPostprocessing = 0;
		};
/* End PBXResourcesBuildPhase section */

/* Begin PBXSourcesBuildPhase section */
		18F18C2F211ABF63006AF4C1 /* Sources */ = {
			isa = PBXSourcesBuildPhase;
			buildActionMask = 2147483647;
			files = (
				18F18C39211ABF64006AF4C1 /* ViewController.swift in Sources */,
				18F18C37211ABF64006AF4C1 /* AppDelegate.swift in Sources */,
				18F18C3F211ABF64006AF4C1 /* Docxone.xcdatamodeld in Sources */,
			);
			runOnlyForDeploymentPostprocessing = 0;
		};
		18F18C46211ABF64006AF4C1 /* Sources */ = {
			isa = PBXSourcesBuildPhase;
			buildActionMask = 2147483647;
			files = (
				18F18C4F211ABF64006AF4C1 /* DocxoneTests.swift in Sources */,
			);
			runOnlyForDeploymentPostprocessing = 0;
		};
		18F18C51211ABF64006AF4C1 /* Sources */ = {
			isa = PBXSourcesBuildPhase;
			buildActionMask = 2147483647;
			files = (
				18F18C5A211ABF64006AF4C1 /* DocxoneUITests.swift in Sources */,
			);
			runOnlyForDeploymentPostprocessing = 0;
		};
/* End PBXSourcesBuildPhase section */

/* Begin PBXTargetDependency section */
		18F18C4C211ABF64006AF4C1 /* PBXTargetDependency */ = {
			isa = PBXTargetDependency;
			target = 18F18C32211ABF63006AF4C1 /* Docxone */;
			targetProxy = 18F18C4B211ABF64006AF4C1 /* PBXContainerItemProxy */;
		};
		18F18C57211ABF64006AF4C1 /* PBXTargetDependency */ = {
			isa = PBXTargetDependency;
			target = 18F18C32211ABF63006AF4C1 /* Docxone */;
			targetProxy = 18F18C56211ABF64006AF4C1 /* PBXContainerItemProxy */;
		};
/* End PBXTargetDependency section */

/* Begin PBXVariantGroup section */
		18F18C3A211ABF64006AF4C1 /* Main.storyboard */ = {
			isa = PBXVariantGroup;
			children = (
				18F18C3B211ABF64006AF4C1 /* Base */,
			);
			name = Main.storyboard;
			sourceTree = "<group>";
		};
		18F18C42211ABF64006AF4C1 /* LaunchScreen.storyboard */ = {
			isa = PBXVariantGroup;
			children = (
				18F18C43211ABF64006AF4C1 /* Base */,
			);
			name = LaunchScreen.storyboard;
			sourceTree = "<group>";
		};
/* End PBXVariantGroup section */

/* Begin XCBuildConfiguration section */
		18F18C5C211ABF64006AF4C1 /* Debug */ = {
			isa = XCBuildConfiguration;
			buildSettings = {
				ALWAYS_SEARCH_USER_PATHS = NO;
				CLANG_ANALYZER_NONNULL = YES;
				CLANG_ANALYZER_NUMBER_OBJECT_CONVERSION = YES_AGGRESSIVE;
				CLANG_CXX_LANGUAGE_STANDARD = "gnu++14";
				CLANG_CXX_LIBRARY = "libc++";
				CLANG_ENABLE_MODULES = YES;
				CLANG_ENABLE_OBJC_ARC = YES;
				CLANG_WARN_BLOCK_CAPTURE_AUTORELEASING = YES;
				CLANG_WARN_BOOL_CONVERSION = YES;
				CLANG_WARN_COMMA = YES;
				CLANG_WARN_CONSTANT_CONVERSION = YES;
				CLANG_WARN_DIRECT_OBJC_ISA_USAGE = YES_ERROR;
				CLANG_WARN_DOCUMENTATION_COMMENTS = YES;
				CLANG_WARN_EMPTY_BODY = YES;
				CLANG_WARN_ENUM_CONVERSION = YES;
				CLANG_WARN_INFINITE_RECURSION = YES;
				CLANG_WARN_INT_CONVERSION = YES;
				CLANG_WARN_NON_LITERAL_NULL_CONVERSION = YES;
				CLANG_WARN_OBJC_LITERAL_CONVERSION = YES;
				CLANG_WARN_OBJC_ROOT_CLASS = YES_ERROR;
				CLANG_WARN_RANGE_LOOP_ANALYSIS = YES;
				CLANG_WARN_STRICT_PROTOTYPES = YES;
				CLANG_WARN_SUSPICIOUS_MOVE = YES;
				CLANG_WARN_UNGUARDED_AVAILABILITY = YES_AGGRESSIVE;
				CLANG_WARN_UNREACHABLE_CODE = YES;
				CLANG_WARN__DUPLICATE_METHOD_MATCH = YES;
				CODE_SIGN_IDENTITY = "iPhone Developer";
				COPY_PHASE_STRIP = NO;
				DEBUG_INFORMATION_FORMAT = dwarf;
				ENABLE_STRICT_OBJC_MSGSEND = YES;
				ENABLE_TESTABILITY = YES;
				GCC_C_LANGUAGE_STANDARD = gnu11;
				GCC_DYNAMIC_NO_PIC = NO;
				GCC_NO_COMMON_BLOCKS = YES;
				GCC_OPTIMIZATION_LEVEL = 0;
				GCC_PREPROCESSOR_DEFINITIONS = (
					"DEBUG=1",
					"$(inherited)",
				);
				GCC_WARN_64_TO_32_BIT_CONVERSION = YES;
				GCC_WARN_ABOUT_RETURN_TYPE = YES_ERROR;
				GCC_WARN_UNDECLARED_SELECTOR = YES;
				GCC_WARN_UNINITIALIZED_AUTOS = YES_AGGRESSIVE;
				GCC_WARN_UNUSED_FUNCTION = YES;
				GCC_WARN_UNUSED_VARIABLE = YES;
				IPHONEOS_DEPLOYMENT_TARGET = 11.2;
				MTL_ENABLE_DEBUG_INFO = YES;
				ONLY_ACTIVE_ARCH = YES;
				SDKROOT = iphoneos;
				SWIFT_ACTIVE_COMPILATION_CONDITIONS = DEBUG;
				SWIFT_OPTIMIZATION_LEVEL = "-Onone";
			};
			name = Debug;
		};
		18F18C5D211ABF64006AF4C1 /* Release */ = {
			isa = XCBuildConfiguration;
			buildSettings = {
				ALWAYS_SEARCH_USER_PATHS = NO;
				CLANG_ANALYZER_NONNULL = YES;
				CLANG_ANALYZER_NUMBER_OBJECT_CONVERSION = YES_AGGRESSIVE;
				CLANG_CXX_LANGUAGE_STANDARD = "gnu++14";
				CLANG_CXX_LIBRARY = "libc++";
				CLANG_ENABLE_MODULES = YES;
				CLANG_ENABLE_OBJC_ARC = YES;
				CLANG_WARN_BLOCK_CAPTURE_AUTORELEASING = YES;
				CLANG_WARN_BOOL_CONVERSION = YES;
				CLANG_WARN_COMMA = YES;
				CLANG_WARN_CONSTANT_CONVERSION = YES;
				CLANG_WARN_DIRECT_OBJC_ISA_USAGE = YES_ERROR;
				CLANG_WARN_DOCUMENTATION_COMMENTS = YES;
				CLANG_WARN_EMPTY_BODY = YES;
				CLANG_WARN_ENUM_CONVERSION = YES;
				CLANG_WARN_INFINITE_RECURSION = YES;
				CLANG_WARN_INT_CONVERSION = YES;
				CLANG_WARN_NON_LITERAL_NULL_CONVERSION = YES;
				CLANG_WARN_OBJC_LITERAL_CONVERSION = YES;
				CLANG_WARN_OBJC_ROOT_CLASS = YES_ERROR;
				CLANG_WARN_RANGE_LOOP_ANALYSIS = YES;
				CLANG_WARN_STRICT_PROTOTYPES = YES;
				CLANG_WARN_SUSPICIOUS_MOVE = YES;
				CLANG_WARN_UNGUARDED_AVAILABILITY = YES_AGGRESSIVE;
				CLANG_WARN_UNREACHABLE_CODE = YES;
				CLANG_WARN__DUPLICATE_METHOD_MATCH = YES;
				CODE_SIGN_IDENTITY = "iPhone Developer";
				COPY_PHASE_STRIP = NO;
				DEBUG_INFORMATION_FORMAT = "dwarf-with-dsym";
				ENABLE_NS_ASSERTIONS = NO;
				ENABLE_STRICT_OBJC_MSGSEND = YES;
				GCC_C_LANGUAGE_STANDARD = gnu11;
				GCC_NO_COMMON_BLOCKS = YES;
				GCC_WARN_64_TO_32_BIT_CONVERSION = YES;
				GCC_WARN_ABOUT_RETURN_TYPE = YES_ERROR;
				GCC_WARN_UNDECLARED_SELECTOR = YES;
				GCC_WARN_UNINITIALIZED_AUTOS = YES_AGGRESSIVE;
				GCC_WARN_UNUSED_FUNCTION = YES;
				GCC_WARN_UNUSED_VARIABLE = YES;
				IPHONEOS_DEPLOYMENT_TARGET = 11.2;
				MTL_ENABLE_DEBUG_INFO = NO;
				SDKROOT = iphoneos;
				SWIFT_OPTIMIZATION_LEVEL = "-Owholemodule";
				VALIDATE_PRODUCT = YES;
			};
			name = Release;
		};
		18F18C5F211ABF64006AF4C1 /* Debug */ = {
			isa = XCBuildConfiguration;
			buildSettings = {
				ASSETCATALOG_COMPILER_APPICON_NAME = AppIcon;
				CODE_SIGN_STYLE = Automatic;
				INFOPLIST_FILE = Docxone/Info.plist;
				LD_RUNPATH_SEARCH_PATHS = "$(inherited) @executable_path/Frameworks";
				PRODUCT_BUNDLE_IDENTIFIER = com.kft.Docxone;
				PRODUCT_NAME = "$(TARGET_NAME)";
				SWIFT_VERSION = 4.0;
				TARGETED_DEVICE_FAMILY = "1,2";
			};
			name = Debug;
		};
		18F18C60211ABF64006AF4C1 /* Release */ = {
			isa = XCBuildConfiguration;
			buildSettings = {
				ASSETCATALOG_COMPILER_APPICON_NAME = AppIcon;
				CODE_SIGN_STYLE = Automatic;
				INFOPLIST_FILE = Docxone/Info.plist;
				LD_RUNPATH_SEARCH_PATHS = "$(inherited) @executable_path/Frameworks";
				PRODUCT_BUNDLE_IDENTIFIER = com.kft.Docxone;
				PRODUCT_NAME = "$(TARGET_NAME)";
				SWIFT_VERSION = 4.0;
				TARGETED_DEVICE_FAMILY = "1,2";
			};
			name = Release;
		};
		18F18C62211ABF64006AF4C1 /* Debug */ = {
			isa = XCBuildConfiguration;
			buildSettings = {
				ALWAYS_EMBED_SWIFT_STANDARD_LIBRARIES = YES;
				BUNDLE_LOADER = "$(TEST_HOST)";
				CODE_SIGN_STYLE = Automatic;
				INFOPLIST_FILE = DocxoneTests/Info.plist;
				LD_RUNPATH_SEARCH_PATHS = "$(inherited) @executable_path/Frameworks @loader_path/Frameworks";
				PRODUCT_BUNDLE_IDENTIFIER = com.kft.DocxoneTests;
				PRODUCT_NAME = "$(TARGET_NAME)";
				SWIFT_VERSION = 4.0;
				TARGETED_DEVICE_FAMILY = "1,2";
				TEST_HOST = "$(BUILT_PRODUCTS_DIR)/Docxone.app/Docxone";
			};
			name = Debug;
		};
		18F18C63211ABF64006AF4C1 /* Release */ = {
			isa = XCBuildConfiguration;
			buildSettings = {
				ALWAYS_EMBED_SWIFT_STANDARD_LIBRARIES = YES;
				BUNDLE_LOADER = "$(TEST_HOST)";
				CODE_SIGN_STYLE = Automatic;
				INFOPLIST_FILE = DocxoneTests/Info.plist;
				LD_RUNPATH_SEARCH_PATHS = "$(inherited) @executable_path/Frameworks @loader_path/Frameworks";
				PRODUCT_BUNDLE_IDENTIFIER = com.kft.DocxoneTests;
				PRODUCT_NAME = "$(TARGET_NAME)";
				SWIFT_VERSION = 4.0;
				TARGETED_DEVICE_FAMILY = "1,2";
				TEST_HOST = "$(BUILT_PRODUCTS_DIR)/Docxone.app/Docxone";
			};
			name = Release;
		};
		18F18C65211ABF64006AF4C1 /* Debug */ = {
			isa = XCBuildConfiguration;
			buildSettings = {
				ALWAYS_EMBED_SWIFT_STANDARD_LIBRARIES = YES;
				CODE_SIGN_STYLE = Automatic;
				INFOPLIST_FILE = DocxoneUITests/Info.plist;
				LD_RUNPATH_SEARCH_PATHS = "$(inherited) @executable_path/Frameworks @loader_path/Frameworks";
				PRODUCT_BUNDLE_IDENTIFIER = com.kft.DocxoneUITests;
				PRODUCT_NAME = "$(TARGET_NAME)";
				SWIFT_VERSION = 4.0;
				TARGETED_DEVICE_FAMILY = "1,2";
				TEST_TARGET_NAME = Docxone;
			};
			name = Debug;
		};
		18F18C66211ABF64006AF4C1 /* Release */ = {
			isa = XCBuildConfiguration;
			buildSettings = {
				ALWAYS_EMBED_SWIFT_STANDARD_LIBRARIES = YES;
				CODE_SIGN_STYLE = Automatic;
				INFOPLIST_FILE = DocxoneUITests/Info.plist;
				LD_RUNPATH_SEARCH_PATHS = "$(inherited) @executable_path/Frameworks @loader_path/Frameworks";
				PRODUCT_BUNDLE_IDENTIFIER = com.kft.DocxoneUITests;
				PRODUCT_NAME = "$(TARGET_NAME)";
				SWIFT_VERSION = 4.0;
				TARGETED_DEVICE_FAMILY = "1,2";
				TEST_TARGET_NAME = Docxone;
			};
			name = Release;
		};
/* End XCBuildConfiguration section */

/* Begin XCConfigurationList section */
		18F18C2E211ABF63006AF4C1 /* Build configuration list for PBXProject "Docxone" */ = {
			isa = XCConfigurationList;
			buildConfigurations = (
				18F18C5C211ABF64006AF4C1 /* Debug */,
				18F18C5D211ABF64006AF4C1 /* Release */,
			);
			defaultConfigurationIsVisible = 0;
			defaultConfigurationName = Release;
		};
		18F18C5E211ABF64006AF4C1 /* Build configuration list for PBXNativeTarget "Docxone" */ = {
			isa = XCConfigurationList;
			buildConfigurations = (
				18F18C5F211ABF64006AF4C1 /* Debug */,
				18F18C60211ABF64006AF4C1 /* Release */,
			);
			defaultConfigurationIsVisible = 0;
			defaultConfigurationName = Release;
		};
		18F18C61211ABF64006AF4C1 /* Build configuration list for PBXNativeTarget "DocxoneTests" */ = {
			isa = XCConfigurationList;
			buildConfigurations = (
				18F18C62211ABF64006AF4C1 /* Debug */,
				18F18C63211ABF64006AF4C1 /* Release */,
			);
			defaultConfigurationIsVisible = 0;
			defaultConfigurationName = Release;
		};
		18F18C64211ABF64006AF4C1 /* Build configuration list for PBXNativeTarget "DocxoneUITests" */ = {
			isa = XCConfigurationList;
			buildConfigurations = (
				18F18C65211ABF64006AF4C1 /* Debug */,
				18F18C66211ABF64006AF4C1 /* Release */,
			);
			defaultConfigurationIsVisible = 0;
			defaultConfigurationName = Release;
		};
/* End XCConfigurationList section */

/* Begin XCVersionGroup section */
		18F18C3D211ABF64006AF4C1 /* Docxone.xcdatamodeld */ = {
			isa = XCVersionGroup;
			children = (
				18F18C3E211ABF64006AF4C1 /* Docxone.xcdatamodel */,
			);
			currentVersion = 18F18C3E211ABF64006AF4C1 /* Docxone.xcdatamodel */;
			path = Docxone.xcdatamodeld;
			sourceTree = "<group>";
			versionGroupType = wrapper.xcdatamodel;
		};
/* End XCVersionGroup section */
	};
	rootObject = 18F18C2B211ABF63006AF4C1 /* Project object */;
}
